{
  "originHash" : "2630d323ee00760bd46fdb234993ebec255089d2b1051a6c9953fe57791b025b",
  "pins" : [
    {
      "identity" : "swift-system",
      "kind" : "remoteSourceControl",
      "location" : "https://github.com/apple/swift-system",
      "state" : {
        "revision" : "7c6ad0fc39d0763e0b699210e4124afd5041c5df",
        "version" : "1.6.4"
      }
    }
  ],
  "version" : 3
}
